// !$*UTF8*$!
{
	archiveVersion = 1;
	classes = {
	};
	objectVersion = 46;
	objects = {

/* Begin PBXBuildFile section */
		E2A962A01D3A9F6D00ECEE32 /* MapController.swift in Sources */ = {isa = PBXBuildFile; fileRef = E2A9629F1D3A9F6D00ECEE32 /* MapController.swift */; };
		E2A962A31D3A9F6D00ECEE32 /* Main.storyboard in Resources */ = {isa = PBXBuildFile; fileRef = E2A962A11D3A9F6D00ECEE32 /* Main.storyboard */; };
		E2A962A51D3A9F6D00ECEE32 /* Assets.xcassets in Resources */ = {isa = PBXBuildFile; fileRef = E2A962A41D3A9F6D00ECEE32 /* Assets.xcassets */; };
		E2A962A81D3A9F6D00ECEE32 /* LaunchScreen.storyboard in Resources */ = {isa = PBXBuildFile; fileRef = E2A962A61D3A9F6D00ECEE32 /* LaunchScreen.storyboard */; };
		E2C719DA1D3C04D500D94BE9 /* AppDelegate.swift in Sources */ = {isa = PBXBuildFile; fileRef = E2A9629D1D3A9F6D00ECEE32 /* AppDelegate.swift */; };
		E2C719DC1D3C050400D94BE9 /* Fortaleza, Brasil.gpx in Resources */ = {isa = PBXBuildFile; fileRef = E2C719DB1D3C050400D94BE9 /* Fortaleza, Brasil.gpx */; };
/* End PBXBuildFile section */

/* Begin PBXFileReference section */
		E2A9629A1D3A9F6D00ECEE32 /* Maps.app */ = {isa = PBXFileReference; explicitFileType = wrapper.application; includeInIndex = 0; path = Maps.app; sourceTree = BUILT_PRODUCTS_DIR; };
		E2A9629D1D3A9F6D00ECEE32 /* AppDelegate.swift */ = {isa = PBXFileReference; lastKnownFileType = sourcecode.swift; path = AppDelegate.swift; sourceTree = "<group>"; };
		E2A9629F1D3A9F6D00ECEE32 /* MapController.swift */ = {isa = PBXFileReference; lastKnownFileType = sourcecode.swift; path = MapController.swift; sourceTree = "<group>"; };
		E2A962A21D3A9F6D00ECEE32 /* Base */ = {isa = PBXFileReference; lastKnownFileType = file.storyboard; name = Base; path = Base.lproj/Main.storyboard; sourceTree = "<group>"; };
		E2A962A41D3A9F6D00ECEE32 /* Assets.xcassets */ = {isa = PBXFileReference; lastKnownFileType = folder.assetcatalog; path = Assets.xcassets; sourceTree = "<group>"; };
		E2A962A71D3A9F6D00ECEE32 /* Base */ = {isa = PBXFileReference; lastKnownFileType = file.storyboard; name = Base; path = Base.lproj/LaunchScreen.storyboard; sourceTree = "<group>"; };
		E2A962A91D3A9F6D00ECEE32 /* Info.plist */ = {isa = PBXFileReference; lastKnownFileType = text.plist.xml; path = Info.plist; sourceTree = "<group>"; };
		E2C719DB1D3C050400D94BE9 /* Fortaleza, Brasil.gpx */ = {isa = PBXFileReference; fileEncoding = 4; lastKnownFileType = text.xml; name = "Fortaleza, Brasil.gpx"; path = "Maps/Gpx/Fortaleza, Brasil.gpx"; sourceTree = "<group>"; };
/* End PBXFileReference section */

/* Begin PBXFrameworksBuildPhase section */
		E2A962971D3A9F6D00ECEE32 /* Frameworks */ = {
			isa = PBXFrameworksBuildPhase;
			buildActionMask = 2147483647;
			files = (
			);
			runOnlyForDeploymentPostprocessing = 0;
		};
/* End PBXFrameworksBuildPhase section */

/* Begin PBXGroup section */
		E2A962911D3A9F6D00ECEE32 = {
			isa = PBXGroup;
			children = (
				E2CF55451D3C017000759AAF /* Gpx */,
				E2A9629C1D3A9F6D00ECEE32 /* Maps */,
				E2A9629B1D3A9F6D00ECEE32 /* Products */,
			);
			sourceTree = "<group>";
		};
		E2A9629B1D3A9F6D00ECEE32 /* Products */ = {
			isa = PBXGroup;
			children = (
				E2A9629A1D3A9F6D00ECEE32 /* Maps.app */,
			);
			name = Products;
			sourceTree = "<group>";
		};
		E2A9629C1D3A9F6D00ECEE32 /* Maps */ = {
			isa = PBXGroup;
			children = (
				E2A962A41D3A9F6D00ECEE32 /* Assets.xcassets */,
				E2A9629D1D3A9F6D00ECEE32 /* AppDelegate.swift */,
				E2A9629F1D3A9F6D00ECEE32 /* MapController.swift */,
				E2A962A11D3A9F6D00ECEE32 /* Main.storyboard */,
				E2A962A61D3A9F6D00ECEE32 /* LaunchScreen.storyboard */,
				E2A962A91D3A9F6D00ECEE32 /* Info.plist */,
			);
			path = Maps;
			sourceTree = "<group>";
		};
		E2CF55451D3C017000759AAF /* Gpx */ = {
			isa = PBXGroup;
			children = (
				E2C719DB1D3C050400D94BE9 /* Fortaleza, Brasil.gpx */,
			);
			name = Gpx;
			sourceTree = "<group>";
		};
/* End PBXGroup section */

/* Begin PBXNativeTarget section */
		E2A962991D3A9F6D00ECEE32 /* Maps */ = {
			isa = PBXNativeTarget;
			buildConfigurationList = E2A962AC1D3A9F6D00ECEE32 /* Build configuration list for PBXNativeTarget "Maps" */;
			buildPhases = (
				E2A962961D3A9F6D00ECEE32 /* Sources */,
				E2A962971D3A9F6D00ECEE32 /* Frameworks */,
				E2A962981D3A9F6D00ECEE32 /* Resources */,
			);
			buildRules = (
			);
			dependencies = (
			);
			name = Maps;
			productName = Maps;
			productReference = E2A9629A1D3A9F6D00ECEE32 /* Maps.app */;
			productType = "com.apple.product-type.application";
		};
/* End PBXNativeTarget section */

/* Begin PBXProject section */
		E2A962921D3A9F6D00ECEE32 /* Project object */ = {
			isa = PBXProject;
			attributes = {
				LastSwiftUpdateCheck = 0730;
				LastUpgradeCheck = 0730;
				ORGANIZATIONNAME = "Rudson Lima";
				TargetAttributes = {
					E2A962991D3A9F6D00ECEE32 = {
						CreatedOnToolsVersion = 7.3.1;
					};
				};
			};
			buildConfigurationList = E2A962951D3A9F6D00ECEE32 /* Build configuration list for PBXProject "Maps" */;
			compatibilityVersion = "Xcode 3.2";
			developmentRegion = English;
			hasScannedForEncodings = 0;
			knownRegions = (
				en,
				Base,
			);
			mainGroup = E2A962911D3A9F6D00ECEE32;
			productRefGroup = E2A9629B1D3A9F6D00ECEE32 /* Products */;
			projectDirPath = "";
			projectRoot = "";
			targets = (
				E2A962991D3A9F6D00ECEE32 /* Maps */,
			);
		};
/* End PBXProject section */

/* Begin PBXResourcesBuildPhase section */
		E2A962981D3A9F6D00ECEE32 /* Resources */ = {
			isa = PBXResourcesBuildPhase;
			buildActionMask = 2147483647;
			files = (
				E2A962A81D3A9F6D00ECEE32 /* LaunchScreen.storyboard in Resources */,
				E2A962A51D3A9F6D00ECEE32 /* Assets.xcassets in Resources */,
				E2A962A31D3A9F6D00ECEE32 /* Main.storyboard in Resources */,
				E2C719DC1D3C050400D94BE9 /* Fortaleza, Brasil.gpx in Resources */,
			);
			runOnlyForDeploymentPostprocessing = 0;
		};
/* End PBXResourcesBuildPhase section */

/* Begin PBXSourcesBuildPhase section */
		E2A962961D3A9F6D00ECEE32 /* Sources */ = {
			isa = PBXSourcesBuildPhase;
			buildActionMask = 2147483647;
			files = (
				E2C719DA1D3C04D500D94BE9 /* AppDelegate.swift in Sources */,
				E2A962A01D3A9F6D00ECEE32 /* MapController.swift in Sources */,
			);
			runOnlyForDeploymentPostprocessing = 0;
		};
/* End PBXSourcesBuildPhase section */

/* Begin PBXVariantGroup section */
		E2A962A11D3A9F6D00ECEE32 /* Main.storyboard */ = {
			isa = PBXVariantGroup;
			children = (
				E2A962A21D3A9F6D00ECEE32 /* Base */,
			);
			name = Main.storyboard;
			sourceTree = "<group>";
		};
		E2A962A61D3A9F6D00ECEE32 /* LaunchScreen.storyboard */ = {
			isa = PBXVariantGroup;
			children = (
				E2A962A71D3A9F6D00ECEE32 /* Base */,
			);
			name = LaunchScreen.storyboard;
			sourceTree = "<group>";
		};
/* End PBXVariantGroup section */

/* Begin XCBuildConfiguration section */
		E2A962AA1D3A9F6D00ECEE32 /* Debug */ = {
			isa = XCBuildConfiguration;
			buildSettings = {
				ALWAYS_SEARCH_USER_PATHS = NO;
				CLANG_ANALYZER_NONNULL = YES;
				CLANG_CXX_LANGUAGE_STANDARD = "gnu++0x";
				CLANG_CXX_LIBRARY = "libc++";
				CLANG_ENABLE_MODULES = YES;
				CLANG_ENABLE_OBJC_ARC = YES;
				CLANG_WARN_BOOL_CONVERSION = YES;
				CLANG_WARN_CONSTANT_CONVERSION = YES;
				CLANG_WARN_DIRECT_OBJC_ISA_USAGE = YES_ERROR;
				CLANG_WARN_EMPTY_BODY = YES;
				CLANG_WARN_ENUM_CONVERSION = YES;
				CLANG_WARN_INT_CONVERSION = YES;
				CLANG_WARN_OBJC_ROOT_CLASS = YES_ERROR;
				CLANG_WARN_UNREACHABLE_CODE = YES;
				CLANG_WARN__DUPLICATE_METHOD_MATCH = YES;
				"CODE_SIGN_IDENTITY[sdk=iphoneos*]" = "iPhone Developer";
				COPY_PHASE_STRIP = NO;
				DEBUG_INFORMATION_FORMAT = dwarf;
				ENABLE_STRICT_OBJC_MSGSEND = YES;
				ENABLE_TESTABILITY = YES;
				GCC_C_LANGUAGE_STANDARD = gnu99;
				GCC_DYNAMIC_NO_PIC = NO;
				GCC_NO_COMMON_BLOCKS = YES;
				GCC_OPTIMIZATION_LEVEL = 0;
				GCC_PREPROCESSOR_DEFINITIONS = (
					"DEBUG=1",
					"$(inherited)",
				);
				GCC_WARN_64_TO_32_BIT_CONVERSION = YES;
				GCC_WARN_ABOUT_RETURN_TYPE = YES_ERROR;
				GCC_WARN_UNDECLARED_SELECTOR = YES;
				GCC_WARN_UNINITIALIZED_AUTOS = YES_AGGRESSIVE;
				GCC_WARN_UNUSED_FUNCTION = YES;
				GCC_WARN_UNUSED_VARIABLE = YES;
				IPHONEOS_DEPLOYMENT_TARGET = 9.3;
				MTL_ENABLE_DEBUG_INFO = YES;
				ONLY_ACTIVE_ARCH = YES;
				SDKROOT = iphoneos;
				SWIFT_OPTIMIZATION_LEVEL = "-Onone";
			};
			name = Debug;
		};
		E2A962AB1D3A9F6D00ECEE32 /* Release */ = {
			isa = XCBuildConfiguration;
			buildSettings = {
				ALWAYS_SEARCH_USER_PATHS = NO;
				CLANG_ANALYZER_NONNULL = YES;
				CLANG_CXX_LANGUAGE_STANDARD = "gnu++0x";
				CLANG_CXX_LIBRARY = "libc++";
				CLANG_ENABLE_MODULES = YES;
				CLANG_ENABLE_OBJC_ARC = YES;
				CLANG_WARN_BOOL_CONVERSION = YES;
				CLANG_WARN_CONSTANT_CONVERSION = YES;
				CLANG_WARN_DIRECT_OBJC_ISA_USAGE = YES_ERROR;
				CLANG_WARN_EMPTY_BODY = YES;
				CLANG_WARN_ENUM_CONVERSION = YES;
				CLANG_WARN_INT_CONVERSION = YES;
				CLANG_WARN_OBJC_ROOT_CLASS = YES_ERROR;
				CLANG_WARN_UNREACHABLE_CODE = YES;
				CLANG_WARN__DUPLICATE_METHOD_MATCH = YES;
				"CODE_SIGN_IDENTITY[sdk=iphoneos*]" = "iPhone Developer";
				COPY_PHASE_STRIP = NO;
				DEBUG_INFORMATION_FORMAT = "dwarf-with-dsym";
				ENABLE_NS_ASSERTIONS = NO;
				ENABLE_STRICT_OBJC_MSGSEND = YES;
				GCC_C_LANGUAGE_STANDARD = gnu99;
				GCC_NO_COMMON_BLOCKS = YES;
				GCC_WARN_64_TO_32_BIT_CONVERSION = YES;
				GCC_WARN_ABOUT_RETURN_TYPE = YES_ERROR;
				GCC_WARN_UNDECLARED_SELECTOR = YES;
				GCC_WARN_UNINITIALIZED_AUTOS = YES_AGGRESSIVE;
				GCC_WARN_UNUSED_FUNCTION = YES;
				GCC_WARN_UNUSED_VARIABLE = YES;
				IPHONEOS_DEPLOYMENT_TARGET = 9.3;
				MTL_ENABLE_DEBUG_INFO = NO;
				SDKROOT = iphoneos;
				VALIDATE_PRODUCT = YES;
			};
			name = Release;
		};
		E2A962AD1D3A9F6D00ECEE32 /* Debug */ = {
			isa = XCBuildConfiguration;
			buildSettings = {
				ASSETCATALOG_COMPILER_APPICON_NAME = AppIcon;
				INFOPLIST_FILE = Maps/Info.plist;
				LD_RUNPATH_SEARCH_PATHS = "$(inherited) @executable_path/Frameworks";
				PRODUCT_BUNDLE_IDENTIFIER = br.com.liveo.Maps;
				PRODUCT_NAME = "$(TARGET_NAME)";
			};
			name = Debug;
		};
		E2A962AE1D3A9F6D00ECEE32 /* Release */ = {
			isa = XCBuildConfiguration;
			buildSettings = {
				ASSETCATALOG_COMPILER_APPICON_NAME = AppIcon;
				INFOPLIST_FILE = Maps/Info.plist;
				LD_RUNPATH_SEARCH_PATHS = "$(inherited) @executable_path/Frameworks";
				PRODUCT_BUNDLE_IDENTIFIER = br.com.liveo.Maps;
				PRODUCT_NAME = "$(TARGET_NAME)";
			};
			name = Release;
		};
/* End XCBuildConfiguration section */

/* Begin XCConfigurationList section */
		E2A962951D3A9F6D00ECEE32 /* Build configuration list for PBXProject "Maps" */ = {
			isa = XCConfigurationList;
			buildConfigurations = (
				E2A962AA1D3A9F6D00ECEE32 /* Debug */,
				E2A962AB1D3A9F6D00ECEE32 /* Release */,
			);
			defaultConfigurationIsVisible = 0;
			defaultConfigurationName = Release;
		};
		E2A962AC1D3A9F6D00ECEE32 /* Build configuration list for PBXNativeTarget "Maps" */ = {
			isa = XCConfigurationList;
			buildConfigurations = (
				E2A962AD1D3A9F6D00ECEE32 /* Debug */,
				E2A962AE1D3A9F6D00ECEE32 /* Release */,
			);
			defaultConfigurationIsVisible = 0;
			defaultConfigurationName = Release;
		};
/* End XCConfigurationList section */
	};
	rootObject = E2A962921D3A9F6D00ECEE32 /* Project object */;
}
